
Microsoft Visual Studio Solution File, Format Version 12.00
# Visual Studio Version 16
VisualStudioVersion = 16.0.32228.343
MinimumVisualStudioVersion = 10.0.40219.1
Project("{FAE04EC0-301F-11D3-BF4B-00C04F79EFBC}") = "Sudoku_Solution_Validator", "Sudoku_Solution_Validator\Sudoku_Solution_Validator.csproj", "{920E24AD-6062-4490-A50D-4A7D751BD86C}"
EndProject
Project("{FAE04EC0-301F-11D3-BF4B-00C04F79EFBC}") = "Sudoku_Validation_Test", "Sudoku_Validation_Test\Sudoku_Validation_Test.csproj", "{F8BA741A-5B30-4EB3-A417-E181E1042F76}"
EndProject
Global
	GlobalSection(SolutionConfigurationPlatforms) = preSolution
		Debug|Any CPU = Debug|Any CPU
		Release|Any CPU = Release|Any CPU
	EndGlobalSection
	GlobalSection(ProjectConfigurationPlatforms) = postSolution
		{920E24AD-6062-4490-A50D-4A7D751BD86C}.Debug|Any CPU.ActiveCfg = Debug|Any CPU
		{920E24AD-6062-4490-A50D-4A7D751BD86C}.Debug|Any CPU.Build.0 = Debug|Any CPU
		{920E24AD-6062-4490-A50D-4A7D751BD86C}.Release|Any CPU.ActiveCfg = Release|Any CPU
		{920E24AD-6062-4490-A50D-4A7D751BD86C}.Release|Any CPU.Build.0 = Release|Any CPU
		{F8BA741A-5B30-4EB3-A417-E181E1042F76}.Debug|Any CPU.ActiveCfg = Debug|Any CPU
		{F8BA741A-5B30-4EB3-A417-E181E1042F76}.Debug|Any CPU.Build.0 = Debug|Any CPU
		{F8BA741A-5B30-4EB3-A417-E181E1042F76}.Release|Any CPU.ActiveCfg = Release|Any CPU
		{F8BA741A-5B30-4EB3-A417-E181E1042F76}.Release|Any CPU.Build.0 = Release|Any CPU
	EndGlobalSection
	GlobalSection(SolutionProperties) = preSolution
		HideSolutionNode = FALSE
	EndGlobalSection
	GlobalSection(ExtensibilityGlobals) = postSolution
		SolutionGuid = {16E389F2-9EF2-44B6-8FAD-5C0AE6F8A05E}
	EndGlobalSection
EndGlobal
